
Microsoft Visual Studio Solution File, Format Version 12.00
# Visual Studio Version 17
Project("{9A19103F-16F7-4668-BE54-9A1E7A4F7556}") = "Starhermit.Sdk", "build\sdk\Starhermit.Sdk.csproj", "{1B7C0A2E-0001-4000-9000-000000000001}"
EndProject
Project("{9A19103F-16F7-4668-BE54-9A1E7A4F7556}") = "Starhermit.Publishing", "build\publishing\Starhermit.Publishing.csproj", "{1B7C0A2E-0002-4000-9000-000000000002}"
EndProject
Project("{9A19103F-16F7-4668-BE54-9A1E7A4F7556}") = "Starhermit.Tests", "build\tests\Starhermit.Tests.csproj", "{1B7C0A2E-0003-4000-9000-000000000003}"
EndProject
Project("{9A19103F-16F7-4668-BE54-9A1E7A4F7556}") = "Starhermit.UnityCompile", "build\unity\Starhermit.UnityCompile.csproj", "{1B7C0A2E-0004-4000-9000-000000000004}"
EndProject
Project("{9A19103F-16F7-4668-BE54-9A1E7A4F7556}") = "Starhermit.UnityWebGLCompile", "build\unity\Starhermit.UnityWebGLCompile.csproj", "{1B7C0A2E-0005-4000-9000-000000000005}"
EndProject
Project("{9A19103F-16F7-4668-BE54-9A1E7A4F7556}") = "Starhermit.UnityEditorCompile", "build\unity\Starhermit.UnityEditorCompile.csproj", "{1B7C0A2E-0006-4000-9000-000000000006}"
EndProject
Project("{2150E333-8FDC-42A3-9474-1A3956D46DE8}") = "build", "build", "{DEE5DD87-39C1-BF34-B639-A387DCCF972B}"
EndProject
Project("{2150E333-8FDC-42A3-9474-1A3956D46DE8}") = "aot", "aot", "{4CF54879-B48E-810E-AE53-68292E1FDE05}"
EndProject
Project("{FAE04EC0-301F-11D3-BF4B-00C04F79EFBC}") = "Starhermit.AotCheck", "build\aot\Starhermit.AotCheck.csproj", "{61A86B14-5DCE-410E-AF30-8CB08B232794}"
EndProject
Global
	GlobalSection(SolutionConfigurationPlatforms) = preSolution
		Debug|Any CPU = Debug|Any CPU
		Debug|x64 = Debug|x64
		Debug|x86 = Debug|x86
		Release|Any CPU = Release|Any CPU
		Release|x64 = Release|x64
		Release|x86 = Release|x86
	EndGlobalSection
	GlobalSection(ProjectConfigurationPlatforms) = postSolution
		{1B7C0A2E-0001-4000-9000-000000000001}.Debug|Any CPU.ActiveCfg = Debug|Any CPU
		{1B7C0A2E-0001-4000-9000-000000000001}.Debug|Any CPU.Build.0 = Debug|Any CPU
		{1B7C0A2E-0001-4000-9000-000000000001}.Debug|x64.ActiveCfg = Debug|Any CPU
		{1B7C0A2E-0001-4000-9000-000000000001}.Debug|x64.Build.0 = Debug|Any CPU
		{1B7C0A2E-0001-4000-9000-000000000001}.Debug|x86.ActiveCfg = Debug|Any CPU
		{1B7C0A2E-0001-4000-9000-000000000001}.Debug|x86.Build.0 = Debug|Any CPU
		{1B7C0A2E-0001-4000-9000-000000000001}.Release|Any CPU.ActiveCfg = Release|Any CPU
		{1B7C0A2E-0001-4000-9000-000000000001}.Release|Any CPU.Build.0 = Release|Any CPU
		{1B7C0A2E-0001-4000-9000-000000000001}.Release|x64.ActiveCfg = Release|Any CPU
		{1B7C0A2E-0001-4000-9000-000000000001}.Release|x64.Build.0 = Release|Any CPU
		{1B7C0A2E-0001-4000-9000-000000000001}.Release|x86.ActiveCfg = Release|Any CPU
		{1B7C0A2E-0001-4000-9000-000000000001}.Release|x86.Build.0 = Release|Any CPU
		{1B7C0A2E-0002-4000-9000-000000000002}.Debug|Any CPU.ActiveCfg = Debug|Any CPU
		{1B7C0A2E-0002-4000-9000-000000000002}.Debug|Any CPU.Build.0 = Debug|Any CPU
		{1B7C0A2E-0002-4000-9000-000000000002}.Debug|x64.ActiveCfg = Debug|Any CPU
		{1B7C0A2E-0002-4000-9000-000000000002}.Debug|x64.Build.0 = Debug|Any CPU
		{1B7C0A2E-0002-4000-9000-000000000002}.Debug|x86.ActiveCfg = Debug|Any CPU
		{1B7C0A2E-0002-4000-9000-000000000002}.Debug|x86.Build.0 = Debug|Any CPU
		{1B7C0A2E-0002-4000-9000-000000000002}.Release|Any CPU.ActiveCfg = Release|Any CPU
		{1B7C0A2E-0002-4000-9000-000000000002}.Release|Any CPU.Build.0 = Release|Any CPU
		{1B7C0A2E-0002-4000-9000-000000000002}.Release|x64.ActiveCfg = Release|Any CPU
		{1B7C0A2E-0002-4000-9000-000000000002}.Release|x64.Build.0 = Release|Any CPU
		{1B7C0A2E-0002-4000-9000-000000000002}.Release|x86.ActiveCfg = Release|Any CPU
		{1B7C0A2E-0002-4000-9000-000000000002}.Release|x86.Build.0 = Release|Any CPU
		{1B7C0A2E-0003-4000-9000-000000000003}.Debug|Any CPU.ActiveCfg = Debug|Any CPU
		{1B7C0A2E-0003-4000-9000-000000000003}.Debug|Any CPU.Build.0 = Debug|Any CPU
		{1B7C0A2E-0003-4000-9000-000000000003}.Debug|x64.ActiveCfg = Debug|Any CPU
		{1B7C0A2E-0003-4000-9000-000000000003}.Debug|x64.Build.0 = Debug|Any CPU
		{1B7C0A2E-0003-4000-9000-000000000003}.Debug|x86.ActiveCfg = Debug|Any CPU
		{1B7C0A2E-0003-4000-9000-000000000003}.Debug|x86.Build.0 = Debug|Any CPU
		{1B7C0A2E-0003-4000-9000-000000000003}.Release|Any CPU.ActiveCfg = Release|Any CPU
		{1B7C0A2E-0003-4000-9000-000000000003}.Release|Any CPU.Build.0 = Release|Any CPU
		{1B7C0A2E-0003-4000-9000-000000000003}.Release|x64.ActiveCfg = Release|Any CPU
		{1B7C0A2E-0003-4000-9000-000000000003}.Release|x64.Build.0 = Release|Any CPU
		{1B7C0A2E-0003-4000-9000-000000000003}.Release|x86.ActiveCfg = Release|Any CPU
		{1B7C0A2E-0003-4000-9000-000000000003}.Release|x86.Build.0 = Release|Any CPU
		{1B7C0A2E-0004-4000-9000-000000000004}.Debug|Any CPU.ActiveCfg = Debug|Any CPU
		{1B7C0A2E-0004-4000-9000-000000000004}.Debug|Any CPU.Build.0 = Debug|Any CPU
		{1B7C0A2E-0004-4000-9000-000000000004}.Debug|x64.ActiveCfg = Debug|Any CPU
		{1B7C0A2E-0004-4000-9000-000000000004}.Debug|x64.Build.0 = Debug|Any CPU
		{1B7C0A2E-0004-4000-9000-000000000004}.Debug|x86.ActiveCfg = Debug|Any CPU
		{1B7C0A2E-0004-4000-9000-000000000004}.Debug|x86.Build.0 = Debug|Any CPU
		{1B7C0A2E-0004-4000-9000-000000000004}.Release|Any CPU.ActiveCfg = Release|Any CPU
		{1B7C0A2E-0004-4000-9000-000000000004}.Release|Any CPU.Build.0 = Release|Any CPU
		{1B7C0A2E-0004-4000-9000-000000000004}.Release|x64.ActiveCfg = Release|Any CPU
		{1B7C0A2E-0004-4000-9000-000000000004}.Release|x64.Build.0 = Release|Any CPU
		{1B7C0A2E-0004-4000-9000-000000000004}.Release|x86.ActiveCfg = Release|Any CPU
		{1B7C0A2E-0004-4000-9000-000000000004}.Release|x86.Build.0 = Release|Any CPU
		{1B7C0A2E-0005-4000-9000-000000000005}.Debug|Any CPU.ActiveCfg = Debug|Any CPU
		{1B7C0A2E-0005-4000-9000-000000000005}.Debug|Any CPU.Build.0 = Debug|Any CPU
		{1B7C0A2E-0005-4000-9000-000000000005}.Debug|x64.ActiveCfg = Debug|Any CPU
		{1B7C0A2E-0005-4000-9000-000000000005}.Debug|x64.Build.0 = Debug|Any CPU
		{1B7C0A2E-0005-4000-9000-000000000005}.Debug|x86.ActiveCfg = Debug|Any CPU
		{1B7C0A2E-0005-4000-9000-000000000005}.Debug|x86.Build.0 = Debug|Any CPU
		{1B7C0A2E-0005-4000-9000-000000000005}.Release|Any CPU.ActiveCfg = Release|Any CPU
		{1B7C0A2E-0005-4000-9000-000000000005}.Release|Any CPU.Build.0 = Release|Any CPU
		{1B7C0A2E-0005-4000-9000-000000000005}.Release|x64.ActiveCfg = Release|Any CPU
		{1B7C0A2E-0005-4000-9000-000000000005}.Release|x64.Build.0 = Release|Any CPU
		{1B7C0A2E-0005-4000-9000-000000000005}.Release|x86.ActiveCfg = Release|Any CPU
		{1B7C0A2E-0005-4000-9000-000000000005}.Release|x86.Build.0 = Release|Any CPU
		{1B7C0A2E-0006-4000-9000-000000000006}.Debug|Any CPU.ActiveCfg = Debug|Any CPU
		{1B7C0A2E-0006-4000-9000-000000000006}.Debug|Any CPU.Build.0 = Debug|Any CPU
		{1B7C0A2E-0006-4000-9000-000000000006}.Debug|x64.ActiveCfg = Debug|Any CPU
		{1B7C0A2E-0006-4000-9000-000000000006}.Debug|x64.Build.0 = Debug|Any CPU
		{1B7C0A2E-0006-4000-9000-000000000006}.Debug|x86.ActiveCfg = Debug|Any CPU
		{1B7C0A2E-0006-4000-9000-000000000006}.Debug|x86.Build.0 = Debug|Any CPU
		{1B7C0A2E-0006-4000-9000-000000000006}.Release|Any CPU.ActiveCfg = Release|Any CPU
		{1B7C0A2E-0006-4000-9000-000000000006}.Release|Any CPU.Build.0 = Release|Any CPU
		{1B7C0A2E-0006-4000-9000-000000000006}.Release|x64.ActiveCfg = Release|Any CPU
		{1B7C0A2E-0006-4000-9000-000000000006}.Release|x64.Build.0 = Release|Any CPU
		{1B7C0A2E-0006-4000-9000-000000000006}.Release|x86.ActiveCfg = Release|Any CPU
		{1B7C0A2E-0006-4000-9000-000000000006}.Release|x86.Build.0 = Release|Any CPU
		{61A86B14-5DCE-410E-AF30-8CB08B232794}.Debug|Any CPU.ActiveCfg = Debug|Any CPU
		{61A86B14-5DCE-410E-AF30-8CB08B232794}.Debug|Any CPU.Build.0 = Debug|Any CPU
		{61A86B14-5DCE-410E-AF30-8CB08B232794}.Debug|x64.ActiveCfg = Debug|Any CPU
		{61A86B14-5DCE-410E-AF30-8CB08B232794}.Debug|x64.Build.0 = Debug|Any CPU
		{61A86B14-5DCE-410E-AF30-8CB08B232794}.Debug|x86.ActiveCfg = Debug|Any CPU
		{61A86B14-5DCE-410E-AF30-8CB08B232794}.Debug|x86.Build.0 = Debug|Any CPU
		{61A86B14-5DCE-410E-AF30-8CB08B232794}.Release|Any CPU.ActiveCfg = Release|Any CPU
		{61A86B14-5DCE-410E-AF30-8CB08B232794}.Release|Any CPU.Build.0 = Release|Any CPU
		{61A86B14-5DCE-410E-AF30-8CB08B232794}.Release|x64.ActiveCfg = Release|Any CPU
		{61A86B14-5DCE-410E-AF30-8CB08B232794}.Release|x64.Build.0 = Release|Any CPU
		{61A86B14-5DCE-410E-AF30-8CB08B232794}.Release|x86.ActiveCfg = Release|Any CPU
		{61A86B14-5DCE-410E-AF30-8CB08B232794}.Release|x86.Build.0 = Release|Any CPU
	EndGlobalSection
	GlobalSection(SolutionProperties) = preSolution
		HideSolutionNode = FALSE
	EndGlobalSection
	GlobalSection(NestedProjects) = preSolution
		{4CF54879-B48E-810E-AE53-68292E1FDE05} = {DEE5DD87-39C1-BF34-B639-A387DCCF972B}
		{61A86B14-5DCE-410E-AF30-8CB08B232794} = {4CF54879-B48E-810E-AE53-68292E1FDE05}
	EndGlobalSection
EndGlobal
